#MicroXplorer Configuration settings - do not modify
Mcu.Family=STM32G0
ProjectManager.MainLocation=Core/Src
RCC.USART1Freq_Value=64000000
RCC.PLLQoutputFreq_Value=64000000
ProjectManager.ProjectFileName=UART_printf.ioc
RCC.CortexFreq_Value=64000000
ProjectManager.KeepUserCode=true
Mcu.UserName=STM32G071RBTx
Mcu.PinsNb=6
ProjectManager.NoMain=false
PA14-BOOT0.Mode=Serial_Wire
ProjectManager.functionlistsort=1-SystemClock_Config-RCC-false-HAL-false
RCC.EXTERNAL_CLOCK_VALUE=48000
LPUART1.WordLength=UART_WORDLENGTH_8B
ProjectManager.DefaultFWLocation=true
RCC.USART2Freq_Value=64000000
NVIC.SVC_IRQn=true\:0\:0\:false\:false\:true\:false\:false
ProjectManager.DeletePrevious=true
LPUART1.IPParameters=BaudRate,WordLength
PinOutPanel.RotationAngle=0
RCC.FamilyName=M
RCC.MCO1PinFreq_Value=64000000
RCC.SYSCLKSource=RCC_SYSCLKSOURCE_PLLCLK
ProjectManager.StackSize=0x400
RCC.LPTIM1Freq_Value=64000000
PA3.Mode=Asynchronous
PA13.Signal=SYS_SWDIO
RCC.FCLKCortexFreq_Value=64000000
Mcu.IP2=RCC
Mcu.IP3=SYS
Mcu.IP0=LPUART1
Mcu.IP1=NVIC
Mcu.UserConstants=
ProjectManager.TargetToolchain=STM32CubeIDE
Mcu.ThirdPartyNb=0
RCC.HCLKFreq_Value=64000000
Mcu.IPNb=4
ProjectManager.PreviousToolchain=
RCC.I2S1Freq_Value=64000000
ProjectManager.RegisterCallBack=
RCC.LSE_VALUE=32768
RCC.AHBFreq_Value=64000000
Mcu.Pin0=PA2
Mcu.Pin1=PA3
PA14-BOOT0.Signal=SYS_SWCLK
Mcu.Pin2=PA13
Mcu.Pin3=PA14-BOOT0
Mcu.Pin4=VP_SYS_VS_Systick
Mcu.Pin5=VP_SYS_VS_DBSignals
ProjectManager.ProjectBuild=false
RCC.HSE_VALUE=8000000
board=custom
RCC.VCOOutputFreq_Value=128000000
NVIC.SysTick_IRQn=true\:0\:0\:false\:false\:true\:false\:true
ProjectManager.LastFirmware=true
ProjectManager.FirmwarePackage=STM32Cube FW_G0 V1.4.1
MxDb.Version=DB.6.0.21
ProjectManager.BackupPrevious=false
MxCube.Version=6.2.1
RCC.VCOInputFreq_Value=16000000
RCC.I2C1Freq_Value=64000000
VP_SYS_VS_DBSignals.Signal=SYS_VS_DBSignals
RCC.ADCFreq_Value=64000000
File.Version=6
VP_SYS_VS_Systick.Mode=SysTick
VP_SYS_VS_DBSignals.Mode=DisableDeadBatterySignals
NVIC.NonMaskableInt_IRQn=true\:0\:0\:false\:false\:true\:false\:false
RCC.PLLRCLKFreq_Value=64000000
NVIC.PendSV_IRQn=true\:0\:0\:false\:false\:true\:false\:false
PA13.Mode=Serial_Wire
ProjectManager.FreePins=false
RCC.IPParameters=ADCFreq_Value,AHBFreq_Value,APBFreq_Value,APBTimFreq_Value,CECFreq_Value,CortexFreq_Value,EXTERNAL_CLOCK_VALUE,FCLKCortexFreq_Value,FamilyName,HCLKFreq_Value,HSE_VALUE,HSI_VALUE,I2C1Freq_Value,I2S1Freq_Value,LPTIM1Freq_Value,LPTIM2Freq_Value,LPUART1Freq_Value,LSCOPinFreq_Value,LSE_VALUE,LSI_VALUE,MCO1PinFreq_Value,PLLPoutputFreq_Value,PLLQoutputFreq_Value,PLLRCLKFreq_Value,PWRFreq_Value,SYSCLKFreq_VALUE,SYSCLKSource,TIM15Freq_Value,TIM1Freq_Value,USART1Freq_Value,USART2Freq_Value,VCOInputFreq_Value,VCOOutputFreq_Value
ProjectManager.AskForMigrate=true
Mcu.Name=STM32G071R(6-8-B)Tx
RCC.LPTIM2Freq_Value=64000000
ProjectManager.HalAssertFull=false
LPUART1.BaudRate=115200
PA2.Signal=LPUART1_TX
ProjectManager.ProjectName=UART_printf
ProjectManager.UnderRoot=true
RCC.TIM1Freq_Value=64000000
ProjectManager.CoupleFile=false
RCC.APBTimFreq_Value=64000000
RCC.SYSCLKFreq_VALUE=64000000
Mcu.Package=LQFP64
RCC.TIM15Freq_Value=64000000
PA3.Locked=true
NVIC.ForceEnableDMAVector=true
KeepUserPlacement=false
RCC.APBFreq_Value=64000000
ProjectManager.CompilerOptimize=6
ProjectManager.ToolChainLocation=
RCC.LSI_VALUE=32000
VP_SYS_VS_Systick.Signal=SYS_VS_Systick
RCC.LSCOPinFreq_Value=32000
ProjectManager.HeapSize=0x200
NVIC.HardFault_IRQn=true\:0\:0\:false\:false\:true\:false\:false
ProjectManager.ComputerToolchain=false
RCC.HSI_VALUE=16000000
RCC.PLLPoutputFreq_Value=64000000
RCC.CECFreq_Value=32786.88524590164
PA2.Mode=Asynchronous
RCC.PWRFreq_Value=64000000
RCC.LPUART1Freq_Value=64000000
ProjectManager.CustomerFirmwarePackage=
ProjectManager.DeviceId=STM32G071RBTx
ProjectManager.LibraryCopy=1
PA3.Signal=LPUART1_RX
PA2.Locked=true
isbadioc=false
